
Microsoft Visual Studio Solution File, Format Version 10.00
# Visual Studio 2008
Project("{FAE04EC0-301F-11D3-BF4B-00C04F79EFBC}") = "DevHealth", "DevHealth.csproj", "{AAFF1FB1-5429-45B6-A28F-B24FF4206FDF}"
EndProject
Project("{FAE04EC0-301F-11D3-BF4B-00C04F79EFBC}") = "DevHealthAPI", "..\DevHealthAPI\DevHealthAPI.csproj", "{D05BF518-1B30-4DB7-B27D-7ADA9265D6C8}"
EndProject
Project("{FAE04EC0-301F-11D3-BF4B-00C04F79EFBC}") = "DevHealthApiTest", "..\DevHealthApiTest\DevHealthApiTest.csproj", "{5F7092FE-7EAD-4F79-A361-B0E29E7E7990}"
EndProject
Global
	GlobalSection(SolutionConfigurationPlatforms) = preSolution
		Debug|Any CPU = Debug|Any CPU
		Release|Any CPU = Release|Any CPU
	EndGlobalSection
	GlobalSection(ProjectConfigurationPlatforms) = postSolution
		{AAFF1FB1-5429-45B6-A28F-B24FF4206FDF}.Debug|Any CPU.ActiveCfg = Debug|Any CPU
		{AAFF1FB1-5429-45B6-A28F-B24FF4206FDF}.Debug|Any CPU.Build.0 = Debug|Any CPU
		{AAFF1FB1-5429-45B6-A28F-B24FF4206FDF}.Debug|Any CPU.Deploy.0 = Debug|Any CPU
		{AAFF1FB1-5429-45B6-A28F-B24FF4206FDF}.Release|Any CPU.ActiveCfg = Release|Any CPU
		{AAFF1FB1-5429-45B6-A28F-B24FF4206FDF}.Release|Any CPU.Build.0 = Release|Any CPU
		{AAFF1FB1-5429-45B6-A28F-B24FF4206FDF}.Release|Any CPU.Deploy.0 = Release|Any CPU
		{D05BF518-1B30-4DB7-B27D-7ADA9265D6C8}.Debug|Any CPU.ActiveCfg = Debug|Any CPU
		{D05BF518-1B30-4DB7-B27D-7ADA9265D6C8}.Debug|Any CPU.Build.0 = Debug|Any CPU
		{D05BF518-1B30-4DB7-B27D-7ADA9265D6C8}.Release|Any CPU.ActiveCfg = Release|Any CPU
		{D05BF518-1B30-4DB7-B27D-7ADA9265D6C8}.Release|Any CPU.Build.0 = Release|Any CPU
		{5F7092FE-7EAD-4F79-A361-B0E29E7E7990}.Debug|Any CPU.ActiveCfg = Debug|Any CPU
		{5F7092FE-7EAD-4F79-A361-B0E29E7E7990}.Debug|Any CPU.Build.0 = Debug|Any CPU
		{5F7092FE-7EAD-4F79-A361-B0E29E7E7990}.Debug|Any CPU.Deploy.0 = Debug|Any CPU
		{5F7092FE-7EAD-4F79-A361-B0E29E7E7990}.Release|Any CPU.ActiveCfg = Release|Any CPU
		{5F7092FE-7EAD-4F79-A361-B0E29E7E7990}.Release|Any CPU.Build.0 = Release|Any CPU
		{5F7092FE-7EAD-4F79-A361-B0E29E7E7990}.Release|Any CPU.Deploy.0 = Release|Any CPU
	EndGlobalSection
	GlobalSection(SolutionProperties) = preSolution
		HideSolutionNode = FALSE
	EndGlobalSection
EndGlobal
